// !$*UTF8*$!
{
	archiveVersion = 1;
	classes = {
	};
	objectVersion = 46;
	objects = {

/* Begin PBXAggregateTarget section */
		480890BD1AF769CB0058745C /* CreateAppleDoc */ = {
			isa = PBXAggregateTarget;
			buildConfigurationList = 480890BE1AF769CC0058745C /* Build configuration list for PBXAggregateTarget "CreateAppleDoc" */;
			buildPhases = (
				480890C11AF769DB0058745C /* ShellScript */,
			);
			dependencies = (
			);
			name = CreateAppleDoc;
			productName = CreateAppleDoc;
		};
/* End PBXAggregateTarget section */

/* Begin PBXBuildFile section */
		480890B51AF6A7F30058745C /* BaseRssHttpClient.m in Sources */ = {isa = PBXBuildFile; fileRef = 480890B41AF6A7F30058745C /* BaseRssHttpClient.m */; };
		480890BB1AF7628E0058745C /* YahootopicsRssHttpClient.m in Sources */ = {isa = PBXBuildFile; fileRef = 480890BA1AF7628E0058745C /* YahootopicsRssHttpClient.m */; };
		480891011AF7AB140058745C /* main.m in Sources */ = {isa = PBXBuildFile; fileRef = 480891001AF7AB140058745C /* main.m */; };
		480891041AF7AB140058745C /* AppDelegate.m in Sources */ = {isa = PBXBuildFile; fileRef = 480891031AF7AB140058745C /* AppDelegate.m */; };
		480891071AF7AB140058745C /* ViewController.m in Sources */ = {isa = PBXBuildFile; fileRef = 480891061AF7AB140058745C /* ViewController.m */; };
		4808910A1AF7AB140058745C /* Main.storyboard in Resources */ = {isa = PBXBuildFile; fileRef = 480891081AF7AB140058745C /* Main.storyboard */; };
		4808910C1AF7AB140058745C /* Images.xcassets in Resources */ = {isa = PBXBuildFile; fileRef = 4808910B1AF7AB140058745C /* Images.xcassets */; };
		4808910F1AF7AB140058745C /* LaunchScreen.xib in Resources */ = {isa = PBXBuildFile; fileRef = 4808910D1AF7AB140058745C /* LaunchScreen.xib */; };
		4808911B1AF7AB140058745C /* RssManagerSampleTests.m in Sources */ = {isa = PBXBuildFile; fileRef = 4808911A1AF7AB140058745C /* RssManagerSampleTests.m */; };
		480891261AF7B5170058745C /* librssmanager.a in Frameworks */ = {isa = PBXBuildFile; fileRef = 48D1C6791AF0476500CBAF8E /* librssmanager.a */; };
		48D1C67D1AF0476500CBAF8E /* rssmanager.h in CopyFiles */ = {isa = PBXBuildFile; fileRef = 48D1C67C1AF0476500CBAF8E /* rssmanager.h */; };
		48D1C67F1AF0476500CBAF8E /* rssmanager.m in Sources */ = {isa = PBXBuildFile; fileRef = 48D1C67E1AF0476500CBAF8E /* rssmanager.m */; };
		48D1C6851AF0476500CBAF8E /* librssmanager.a in Frameworks */ = {isa = PBXBuildFile; fileRef = 48D1C6791AF0476500CBAF8E /* librssmanager.a */; };
		48D1C6941AF0480D00CBAF8E /* Logger.m in Sources */ = {isa = PBXBuildFile; fileRef = 48D1C6931AF0480D00CBAF8E /* Logger.m */; };
		48D1C6971AF048E400CBAF8E /* NSURLRequest+SSL.m in Sources */ = {isa = PBXBuildFile; fileRef = 48D1C6961AF048E400CBAF8E /* NSURLRequest+SSL.m */; };
		48D1C69A1AF04C2F00CBAF8E /* RssConfig.m in Sources */ = {isa = PBXBuildFile; fileRef = 48D1C6991AF04C2F00CBAF8E /* RssConfig.m */; };
/* End PBXBuildFile section */

/* Begin PBXContainerItemProxy section */
		480891151AF7AB140058745C /* PBXContainerItemProxy */ = {
			isa = PBXContainerItemProxy;
			containerPortal = 48D1C6711AF0476500CBAF8E /* Project object */;
			proxyType = 1;
			remoteGlobalIDString = 480890FB1AF7AB140058745C;
			remoteInfo = RssManagerSample;
		};
		480891221AF7AC770058745C /* PBXContainerItemProxy */ = {
			isa = PBXContainerItemProxy;
			containerPortal = 48D1C6711AF0476500CBAF8E /* Project object */;
			proxyType = 1;
			remoteGlobalIDString = 48D1C6781AF0476500CBAF8E;
			remoteInfo = rssmanager;
		};
		480891241AF7ACB10058745C /* PBXContainerItemProxy */ = {
			isa = PBXContainerItemProxy;
			containerPortal = 48D1C6711AF0476500CBAF8E /* Project object */;
			proxyType = 1;
			remoteGlobalIDString = 480890BD1AF769CB0058745C;
			remoteInfo = CreateAppleDoc;
		};
		48D1C6861AF0476500CBAF8E /* PBXContainerItemProxy */ = {
			isa = PBXContainerItemProxy;
			containerPortal = 48D1C6711AF0476500CBAF8E /* Project object */;
			proxyType = 1;
			remoteGlobalIDString = 48D1C6781AF0476500CBAF8E;
			remoteInfo = rssmanager;
		};
/* End PBXContainerItemProxy section */

/* Begin PBXCopyFilesBuildPhase section */
		48D1C6771AF0476500CBAF8E /* CopyFiles */ = {
			isa = PBXCopyFilesBuildPhase;
			buildActionMask = 2147483647;
			dstPath = "include/$(PRODUCT_NAME)";
			dstSubfolderSpec = 16;
			files = (
				48D1C67D1AF0476500CBAF8E /* rssmanager.h in CopyFiles */,
			);
			runOnlyForDeploymentPostprocessing = 0;
		};
/* End PBXCopyFilesBuildPhase section */

/* Begin PBXFileReference section */
		480890B41AF6A7F30058745C /* BaseRssHttpClient.m */ = {isa = PBXFileReference; fileEncoding = 4; lastKnownFileType = sourcecode.c.objc; path = BaseRssHttpClient.m; sourceTree = "<group>"; };
		480890B61AF6A8050058745C /* BaseRssHttpClient.h */ = {isa = PBXFileReference; lastKnownFileType = sourcecode.c.h; path = BaseRssHttpClient.h; sourceTree = "<group>"; };
		480890BA1AF7628E0058745C /* YahootopicsRssHttpClient.m */ = {isa = PBXFileReference; fileEncoding = 4; lastKnownFileType = sourcecode.c.objc; path = YahootopicsRssHttpClient.m; sourceTree = "<group>"; };
		480890BC1AF7629A0058745C /* YahootopicsRssHttpClient.h */ = {isa = PBXFileReference; lastKnownFileType = sourcecode.c.h; path = YahootopicsRssHttpClient.h; sourceTree = "<group>"; };
		480890FC1AF7AB140058745C /* RssManagerSample.app */ = {isa = PBXFileReference; explicitFileType = wrapper.application; includeInIndex = 0; path = RssManagerSample.app; sourceTree = BUILT_PRODUCTS_DIR; };
		480890FF1AF7AB140058745C /* Info.plist */ = {isa = PBXFileReference; lastKnownFileType = text.plist.xml; path = Info.plist; sourceTree = "<group>"; };
		480891001AF7AB140058745C /* main.m */ = {isa = PBXFileReference; lastKnownFileType = sourcecode.c.objc; path = main.m; sourceTree = "<group>"; };
		480891021AF7AB140058745C /* AppDelegate.h */ = {isa = PBXFileReference; lastKnownFileType = sourcecode.c.h; path = AppDelegate.h; sourceTree = "<group>"; };
		480891031AF7AB140058745C /* AppDelegate.m */ = {isa = PBXFileReference; lastKnownFileType = sourcecode.c.objc; path = AppDelegate.m; sourceTree = "<group>"; };
		480891051AF7AB140058745C /* ViewController.h */ = {isa = PBXFileReference; lastKnownFileType = sourcecode.c.h; path = ViewController.h; sourceTree = "<group>"; };
		480891061AF7AB140058745C /* ViewController.m */ = {isa = PBXFileReference; lastKnownFileType = sourcecode.c.objc; path = ViewController.m; sourceTree = "<group>"; };
		480891091AF7AB140058745C /* Base */ = {isa = PBXFileReference; lastKnownFileType = file.storyboard; name = Base; path = Base.lproj/Main.storyboard; sourceTree = "<group>"; };
		4808910B1AF7AB140058745C /* Images.xcassets */ = {isa = PBXFileReference; lastKnownFileType = folder.assetcatalog; path = Images.xcassets; sourceTree = "<group>"; };
		4808910E1AF7AB140058745C /* Base */ = {isa = PBXFileReference; lastKnownFileType = file.xib; name = Base; path = Base.lproj/LaunchScreen.xib; sourceTree = "<group>"; };
		480891141AF7AB140058745C /* RssManagerSampleTests.xctest */ = {isa = PBXFileReference; explicitFileType = wrapper.cfbundle; includeInIndex = 0; path = RssManagerSampleTests.xctest; sourceTree = BUILT_PRODUCTS_DIR; };
		480891191AF7AB140058745C /* Info.plist */ = {isa = PBXFileReference; lastKnownFileType = text.plist.xml; path = Info.plist; sourceTree = "<group>"; };
		4808911A1AF7AB140058745C /* RssManagerSampleTests.m */ = {isa = PBXFileReference; lastKnownFileType = sourcecode.c.objc; path = RssManagerSampleTests.m; sourceTree = "<group>"; };
		48D1C6791AF0476500CBAF8E /* librssmanager.a */ = {isa = PBXFileReference; explicitFileType = archive.ar; includeInIndex = 0; path = librssmanager.a; sourceTree = BUILT_PRODUCTS_DIR; };
		48D1C67C1AF0476500CBAF8E /* rssmanager.h */ = {isa = PBXFileReference; lastKnownFileType = sourcecode.c.h; path = rssmanager.h; sourceTree = "<group>"; };
		48D1C67E1AF0476500CBAF8E /* rssmanager.m */ = {isa = PBXFileReference; lastKnownFileType = sourcecode.c.objc; path = rssmanager.m; sourceTree = "<group>"; };
		48D1C6841AF0476500CBAF8E /* rssmanagerTests.xctest */ = {isa = PBXFileReference; explicitFileType = wrapper.cfbundle; includeInIndex = 0; path = rssmanagerTests.xctest; sourceTree = BUILT_PRODUCTS_DIR; };
		48D1C68A1AF0476500CBAF8E /* Info.plist */ = {isa = PBXFileReference; lastKnownFileType = text.plist.xml; path = Info.plist; sourceTree = "<group>"; };
		48D1C6931AF0480D00CBAF8E /* Logger.m */ = {isa = PBXFileReference; fileEncoding = 4; lastKnownFileType = sourcecode.c.objc; path = Logger.m; sourceTree = "<group>"; };
		48D1C6951AF0481A00CBAF8E /* Logger.h */ = {isa = PBXFileReference; lastKnownFileType = sourcecode.c.h; path = Logger.h; sourceTree = "<group>"; };
		48D1C6961AF048E400CBAF8E /* NSURLRequest+SSL.m */ = {isa = PBXFileReference; fileEncoding = 4; lastKnownFileType = sourcecode.c.objc; path = "NSURLRequest+SSL.m"; sourceTree = "<group>"; };
		48D1C6981AF048F200CBAF8E /* NSURLRequest+SSL.h */ = {isa = PBXFileReference; lastKnownFileType = sourcecode.c.h; path = "NSURLRequest+SSL.h"; sourceTree = "<group>"; };
		48D1C6991AF04C2F00CBAF8E /* RssConfig.m */ = {isa = PBXFileReference; fileEncoding = 4; lastKnownFileType = sourcecode.c.objc; path = RssConfig.m; sourceTree = "<group>"; };
		48D1C69B1AF04C3C00CBAF8E /* RssConfig.h */ = {isa = PBXFileReference; lastKnownFileType = sourcecode.c.h; path = RssConfig.h; sourceTree = "<group>"; };
/* End PBXFileReference section */

/* Begin PBXFrameworksBuildPhase section */
		480890F91AF7AB140058745C /* Frameworks */ = {
			isa = PBXFrameworksBuildPhase;
			buildActionMask = 2147483647;
			files = (
				480891261AF7B5170058745C /* librssmanager.a in Frameworks */,
			);
			runOnlyForDeploymentPostprocessing = 0;
		};
		480891111AF7AB140058745C /* Frameworks */ = {
			isa = PBXFrameworksBuildPhase;
			buildActionMask = 2147483647;
			files = (
			);
			runOnlyForDeploymentPostprocessing = 0;
		};
		48D1C6761AF0476500CBAF8E /* Frameworks */ = {
			isa = PBXFrameworksBuildPhase;
			buildActionMask = 2147483647;
			files = (
			);
			runOnlyForDeploymentPostprocessing = 0;
		};
		48D1C6811AF0476500CBAF8E /* Frameworks */ = {
			isa = PBXFrameworksBuildPhase;
			buildActionMask = 2147483647;
			files = (
				48D1C6851AF0476500CBAF8E /* librssmanager.a in Frameworks */,
			);
			runOnlyForDeploymentPostprocessing = 0;
		};
/* End PBXFrameworksBuildPhase section */

/* Begin PBXGroup section */
		480890FD1AF7AB140058745C /* RssManagerSample */ = {
			isa = PBXGroup;
			children = (
				480891021AF7AB140058745C /* AppDelegate.h */,
				480891031AF7AB140058745C /* AppDelegate.m */,
				480891051AF7AB140058745C /* ViewController.h */,
				480891061AF7AB140058745C /* ViewController.m */,
				480891081AF7AB140058745C /* Main.storyboard */,
				4808910B1AF7AB140058745C /* Images.xcassets */,
				4808910D1AF7AB140058745C /* LaunchScreen.xib */,
				480890FE1AF7AB140058745C /* Supporting Files */,
			);
			path = RssManagerSample;
			sourceTree = "<group>";
		};
		480890FE1AF7AB140058745C /* Supporting Files */ = {
			isa = PBXGroup;
			children = (
				480890FF1AF7AB140058745C /* Info.plist */,
				480891001AF7AB140058745C /* main.m */,
			);
			name = "Supporting Files";
			sourceTree = "<group>";
		};
		480891171AF7AB140058745C /* RssManagerSampleTests */ = {
			isa = PBXGroup;
			children = (
				4808911A1AF7AB140058745C /* RssManagerSampleTests.m */,
				480891181AF7AB140058745C /* Supporting Files */,
			);
			path = RssManagerSampleTests;
			sourceTree = "<group>";
		};
		480891181AF7AB140058745C /* Supporting Files */ = {
			isa = PBXGroup;
			children = (
				480891191AF7AB140058745C /* Info.plist */,
			);
			name = "Supporting Files";
			sourceTree = "<group>";
		};
		48D1C6701AF0476500CBAF8E = {
			isa = PBXGroup;
			children = (
				48D1C67B1AF0476500CBAF8E /* rssmanager */,
				48D1C6881AF0476500CBAF8E /* rssmanagerTests */,
				480890FD1AF7AB140058745C /* RssManagerSample */,
				480891171AF7AB140058745C /* RssManagerSampleTests */,
				48D1C67A1AF0476500CBAF8E /* Products */,
			);
			sourceTree = "<group>";
		};
		48D1C67A1AF0476500CBAF8E /* Products */ = {
			isa = PBXGroup;
			children = (
				48D1C6791AF0476500CBAF8E /* librssmanager.a */,
				48D1C6841AF0476500CBAF8E /* rssmanagerTests.xctest */,
				480890FC1AF7AB140058745C /* RssManagerSample.app */,
				480891141AF7AB140058745C /* RssManagerSampleTests.xctest */,
			);
			name = Products;
			sourceTree = "<group>";
		};
		48D1C67B1AF0476500CBAF8E /* rssmanager */ = {
			isa = PBXGroup;
			children = (
				48D1C6991AF04C2F00CBAF8E /* RssConfig.m */,
				48D1C69B1AF04C3C00CBAF8E /* RssConfig.h */,
				48D1C67E1AF0476500CBAF8E /* rssmanager.m */,
				48D1C67C1AF0476500CBAF8E /* rssmanager.h */,
				48D1C6961AF048E400CBAF8E /* NSURLRequest+SSL.m */,
				48D1C6981AF048F200CBAF8E /* NSURLRequest+SSL.h */,
				48D1C6931AF0480D00CBAF8E /* Logger.m */,
				48D1C6951AF0481A00CBAF8E /* Logger.h */,
				480890B41AF6A7F30058745C /* BaseRssHttpClient.m */,
				480890B61AF6A8050058745C /* BaseRssHttpClient.h */,
				480890BA1AF7628E0058745C /* YahootopicsRssHttpClient.m */,
				480890BC1AF7629A0058745C /* YahootopicsRssHttpClient.h */,
			);
			path = rssmanager;
			sourceTree = "<group>";
		};
		48D1C6881AF0476500CBAF8E /* rssmanagerTests */ = {
			isa = PBXGroup;
			children = (
				48D1C6891AF0476500CBAF8E /* Supporting Files */,
			);
			path = rssmanagerTests;
			sourceTree = "<group>";
		};
		48D1C6891AF0476500CBAF8E /* Supporting Files */ = {
			isa = PBXGroup;
			children = (
				48D1C68A1AF0476500CBAF8E /* Info.plist */,
			);
			name = "Supporting Files";
			sourceTree = "<group>";
		};
/* End PBXGroup section */

/* Begin PBXNativeTarget section */
		480890FB1AF7AB140058745C /* RssManagerSample */ = {
			isa = PBXNativeTarget;
			buildConfigurationList = 480891201AF7AB140058745C /* Build configuration list for PBXNativeTarget "RssManagerSample" */;
			buildPhases = (
				480890F81AF7AB140058745C /* Sources */,
				480890F91AF7AB140058745C /* Frameworks */,
				480890FA1AF7AB140058745C /* Resources */,
			);
			buildRules = (
			);
			dependencies = (
				480891231AF7AC770058745C /* PBXTargetDependency */,
			);
			name = RssManagerSample;
			productName = RssManagerSample;
			productReference = 480890FC1AF7AB140058745C /* RssManagerSample.app */;
			productType = "com.apple.product-type.application";
		};
		480891131AF7AB140058745C /* RssManagerSampleTests */ = {
			isa = PBXNativeTarget;
			buildConfigurationList = 480891211AF7AB140058745C /* Build configuration list for PBXNativeTarget "RssManagerSampleTests" */;
			buildPhases = (
				480891101AF7AB140058745C /* Sources */,
				480891111AF7AB140058745C /* Frameworks */,
				480891121AF7AB140058745C /* Resources */,
			);
			buildRules = (
			);
			dependencies = (
				480891161AF7AB140058745C /* PBXTargetDependency */,
			);
			name = RssManagerSampleTests;
			productName = RssManagerSampleTests;
			productReference = 480891141AF7AB140058745C /* RssManagerSampleTests.xctest */;
			productType = "com.apple.product-type.bundle.unit-test";
		};
		48D1C6781AF0476500CBAF8E /* rssmanager */ = {
			isa = PBXNativeTarget;
			buildConfigurationList = 48D1C68D1AF0476500CBAF8E /* Build configuration list for PBXNativeTarget "rssmanager" */;
			buildPhases = (
				48D1C6751AF0476500CBAF8E /* Sources */,
				48D1C6761AF0476500CBAF8E /* Frameworks */,
				48D1C6771AF0476500CBAF8E /* CopyFiles */,
			);
			buildRules = (
			);
			dependencies = (
				480891251AF7ACB10058745C /* PBXTargetDependency */,
			);
			name = rssmanager;
			productName = rssmanager;
			productReference = 48D1C6791AF0476500CBAF8E /* librssmanager.a */;
			productType = "com.apple.product-type.library.static";
		};
		48D1C6831AF0476500CBAF8E /* rssmanagerTests */ = {
			isa = PBXNativeTarget;
			buildConfigurationList = 48D1C6901AF0476500CBAF8E /* Build configuration list for PBXNativeTarget "rssmanagerTests" */;
			buildPhases = (
				48D1C6801AF0476500CBAF8E /* Sources */,
				48D1C6811AF0476500CBAF8E /* Frameworks */,
				48D1C6821AF0476500CBAF8E /* Resources */,
			);
			buildRules = (
			);
			dependencies = (
				48D1C6871AF0476500CBAF8E /* PBXTargetDependency */,
			);
			name = rssmanagerTests;
			productName = rssmanagerTests;
			productReference = 48D1C6841AF0476500CBAF8E /* rssmanagerTests.xctest */;
			productType = "com.apple.product-type.bundle.unit-test";
		};
/* End PBXNativeTarget section */

/* Begin PBXProject section */
		48D1C6711AF0476500CBAF8E /* Project object */ = {
			isa = PBXProject;
			attributes = {
				LastUpgradeCheck = 0630;
				ORGANIZATIONNAME = Azarashi;
				TargetAttributes = {
					480890BD1AF769CB0058745C = {
						CreatedOnToolsVersion = 6.3.1;
					};
					480890FB1AF7AB140058745C = {
						CreatedOnToolsVersion = 6.3.1;
					};
					480891131AF7AB140058745C = {
						CreatedOnToolsVersion = 6.3.1;
						TestTargetID = 480890FB1AF7AB140058745C;
					};
					48D1C6781AF0476500CBAF8E = {
						CreatedOnToolsVersion = 6.3.1;
					};
					48D1C6831AF0476500CBAF8E = {
						CreatedOnToolsVersion = 6.3.1;
					};
				};
			};
			buildConfigurationList = 48D1C6741AF0476500CBAF8E /* Build configuration list for PBXProject "rssmanager" */;
			compatibilityVersion = "Xcode 3.2";
			developmentRegion = English;
			hasScannedForEncodings = 0;
			knownRegions = (
				en,
				Base,
			);
			mainGroup = 48D1C6701AF0476500CBAF8E;
			productRefGroup = 48D1C67A1AF0476500CBAF8E /* Products */;
			projectDirPath = "";
			projectRoot = "";
			targets = (
				48D1C6781AF0476500CBAF8E /* rssmanager */,
				48D1C6831AF0476500CBAF8E /* rssmanagerTests */,
				480890BD1AF769CB0058745C /* CreateAppleDoc */,
				480890FB1AF7AB140058745C /* RssManagerSample */,
				480891131AF7AB140058745C /* RssManagerSampleTests */,
			);
		};
/* End PBXProject section */

/* Begin PBXResourcesBuildPhase section */
		480890FA1AF7AB140058745C /* Resources */ = {
			isa = PBXResourcesBuildPhase;
			buildActionMask = 2147483647;
			files = (
				4808910A1AF7AB140058745C /* Main.storyboard in Resources */,
				4808910F1AF7AB140058745C /* LaunchScreen.xib in Resources */,
				4808910C1AF7AB140058745C /* Images.xcassets in Resources */,
			);
			runOnlyForDeploymentPostprocessing = 0;
		};
		480891121AF7AB140058745C /* Resources */ = {
			isa = PBXResourcesBuildPhase;
			buildActionMask = 2147483647;
			files = (
			);
			runOnlyForDeploymentPostprocessing = 0;
		};
		48D1C6821AF0476500CBAF8E /* Resources */ = {
			isa = PBXResourcesBuildPhase;
			buildActionMask = 2147483647;
			files = (
			);
			runOnlyForDeploymentPostprocessing = 0;
		};
/* End PBXResourcesBuildPhase section */

/* Begin PBXShellScriptBuildPhase section */
		480890C11AF769DB0058745C /* ShellScript */ = {
			isa = PBXShellScriptBuildPhase;
			buildActionMask = 2147483647;
			files = (
			);
			inputPaths = (
			);
			outputPaths = (
			);
			runOnlyForDeploymentPostprocessing = 0;
			shellPath = /bin/sh;
			shellScript = "DOC_DIR=\"${SRCROOT}/doc\"\nTARGET_DIR=\"${SRCROOT}/${PROJECT_NAME}\"\nmkdir -p \"${DOC_DIR}\"\n\n/usr/local/bin/appledoc --project-name \"${PROJECT_NAME}\" --project-company AzarashiCorp --create-html --no-create-docset --output \"${DOC_DIR}\" \"${TARGET_DIR}\"\n\n// typedef not supported\nexit 0;";
		};
/* End PBXShellScriptBuildPhase section */

/* Begin PBXSourcesBuildPhase section */
		480890F81AF7AB140058745C /* Sources */ = {
			isa = PBXSourcesBuildPhase;
			buildActionMask = 2147483647;
			files = (
				480891071AF7AB140058745C /* ViewController.m in Sources */,
				480891041AF7AB140058745C /* AppDelegate.m in Sources */,
				480891011AF7AB140058745C /* main.m in Sources */,
			);
			runOnlyForDeploymentPostprocessing = 0;
		};
		480891101AF7AB140058745C /* Sources */ = {
			isa = PBXSourcesBuildPhase;
			buildActionMask = 2147483647;
			files = (
				4808911B1AF7AB140058745C /* RssManagerSampleTests.m in Sources */,
			);
			runOnlyForDeploymentPostprocessing = 0;
		};
		48D1C6751AF0476500CBAF8E /* Sources */ = {
			isa = PBXSourcesBuildPhase;
			buildActionMask = 2147483647;
			files = (
				480890BB1AF7628E0058745C /* YahootopicsRssHttpClient.m in Sources */,
				48D1C69A1AF04C2F00CBAF8E /* RssConfig.m in Sources */,
				48D1C67F1AF0476500CBAF8E /* rssmanager.m in Sources */,
				48D1C6971AF048E400CBAF8E /* NSURLRequest+SSL.m in Sources */,
				48D1C6941AF0480D00CBAF8E /* Logger.m in Sources */,
				480890B51AF6A7F30058745C /* BaseRssHttpClient.m in Sources */,
			);
			runOnlyForDeploymentPostprocessing = 0;
		};
		48D1C6801AF0476500CBAF8E /* Sources */ = {
			isa = PBXSourcesBuildPhase;
			buildActionMask = 2147483647;
			files = (
			);
			runOnlyForDeploymentPostprocessing = 0;
		};
/* End PBXSourcesBuildPhase section */

/* Begin PBXTargetDependency section */
		480891161AF7AB140058745C /* PBXTargetDependency */ = {
			isa = PBXTargetDependency;
			target = 480890FB1AF7AB140058745C /* RssManagerSample */;
			targetProxy = 480891151AF7AB140058745C /* PBXContainerItemProxy */;
		};
		480891231AF7AC770058745C /* PBXTargetDependency */ = {
			isa = PBXTargetDependency;
			target = 48D1C6781AF0476500CBAF8E /* rssmanager */;
			targetProxy = 480891221AF7AC770058745C /* PBXContainerItemProxy */;
		};
		480891251AF7ACB10058745C /* PBXTargetDependency */ = {
			isa = PBXTargetDependency;
			target = 480890BD1AF769CB0058745C /* CreateAppleDoc */;
			targetProxy = 480891241AF7ACB10058745C /* PBXContainerItemProxy */;
		};
		48D1C6871AF0476500CBAF8E /* PBXTargetDependency */ = {
			isa = PBXTargetDependency;
			target = 48D1C6781AF0476500CBAF8E /* rssmanager */;
			targetProxy = 48D1C6861AF0476500CBAF8E /* PBXContainerItemProxy */;
		};
/* End PBXTargetDependency section */

/* Begin PBXVariantGroup section */
		480891081AF7AB140058745C /* Main.storyboard */ = {
			isa = PBXVariantGroup;
			children = (
				480891091AF7AB140058745C /* Base */,
			);
			name = Main.storyboard;
			sourceTree = "<group>";
		};
		4808910D1AF7AB140058745C /* LaunchScreen.xib */ = {
			isa = PBXVariantGroup;
			children = (
				4808910E1AF7AB140058745C /* Base */,
			);
			name = LaunchScreen.xib;
			sourceTree = "<group>";
		};
/* End PBXVariantGroup section */

/* Begin XCBuildConfiguration section */
		480890BF1AF769CC0058745C /* Debug */ = {
			isa = XCBuildConfiguration;
			buildSettings = {
				PRODUCT_NAME = "$(TARGET_NAME)";
			};
			name = Debug;
		};
		480890C01AF769CC0058745C /* Release */ = {
			isa = XCBuildConfiguration;
			buildSettings = {
				PRODUCT_NAME = "$(TARGET_NAME)";
			};
			name = Release;
		};
		4808911C1AF7AB140058745C /* Debug */ = {
			isa = XCBuildConfiguration;
			buildSettings = {
				ARCHS = (
					"$(ARCHS_STANDARD)",
					armv7s,
				);
				ASSETCATALOG_COMPILER_APPICON_NAME = AppIcon;
				"CODE_SIGN_IDENTITY[sdk=iphoneos*]" = "iPhone Developer";
				GCC_PREPROCESSOR_DEFINITIONS = (
					"DEBUG=1",
					"$(inherited)",
				);
				INFOPLIST_FILE = RssManagerSample/Info.plist;
				LD_RUNPATH_SEARCH_PATHS = "$(inherited) @executable_path/Frameworks";
				LIBRARY_SEARCH_PATHS = "$(HOME)/Library/Developer/Xcode/DerivedData";
				PRODUCT_NAME = "$(TARGET_NAME)";
				VALID_ARCHS = "arm64 armv7 armv7s i386 x86_64";
			};
			name = Debug;
		};
		4808911D1AF7AB140058745C /* Release */ = {
			isa = XCBuildConfiguration;
			buildSettings = {
				ARCHS = (
					"$(ARCHS_STANDARD)",
					armv7s,
				);
				ASSETCATALOG_COMPILER_APPICON_NAME = AppIcon;
				"CODE_SIGN_IDENTITY[sdk=iphoneos*]" = "iPhone Developer";
				INFOPLIST_FILE = RssManagerSample/Info.plist;
				LD_RUNPATH_SEARCH_PATHS = "$(inherited) @executable_path/Frameworks";
				LIBRARY_SEARCH_PATHS = "$(HOME)/Library/Developer/Xcode/DerivedData";
				PRODUCT_NAME = "$(TARGET_NAME)";
				VALID_ARCHS = "arm64 armv7 armv7s i386 x86_64";
			};
			name = Release;
		};
		4808911E1AF7AB140058745C /* Debug */ = {
			isa = XCBuildConfiguration;
			buildSettings = {
				BUNDLE_LOADER = "$(TEST_HOST)";
				FRAMEWORK_SEARCH_PATHS = (
					"$(SDKROOT)/Developer/Library/Frameworks",
					"$(inherited)",
				);
				GCC_PREPROCESSOR_DEFINITIONS = (
					"DEBUG=1",
					"$(inherited)",
				);
				INFOPLIST_FILE = RssManagerSampleTests/Info.plist;
				LD_RUNPATH_SEARCH_PATHS = "$(inherited) @executable_path/Frameworks @loader_path/Frameworks";
				LIBRARY_SEARCH_PATHS = "./rssmanager/**";
				PRODUCT_NAME = "$(TARGET_NAME)";
				TEST_HOST = "$(BUILT_PRODUCTS_DIR)/RssManagerSample.app/RssManagerSample";
			};
			name = Debug;
		};
		4808911F1AF7AB140058745C /* Release */ = {
			isa = XCBuildConfiguration;
			buildSettings = {
				BUNDLE_LOADER = "$(TEST_HOST)";
				FRAMEWORK_SEARCH_PATHS = (
					"$(SDKROOT)/Developer/Library/Frameworks",
					"$(inherited)",
				);
				INFOPLIST_FILE = RssManagerSampleTests/Info.plist;
				LD_RUNPATH_SEARCH_PATHS = "$(inherited) @executable_path/Frameworks @loader_path/Frameworks";
				LIBRARY_SEARCH_PATHS = "./rssmanager/**";
				PRODUCT_NAME = "$(TARGET_NAME)";
				TEST_HOST = "$(BUILT_PRODUCTS_DIR)/RssManagerSample.app/RssManagerSample";
			};
			name = Release;
		};
		48D1C68B1AF0476500CBAF8E /* Debug */ = {
			isa = XCBuildConfiguration;
			buildSettings = {
				ALWAYS_SEARCH_USER_PATHS = NO;
				CLANG_CXX_LANGUAGE_STANDARD = "gnu++0x";
				CLANG_CXX_LIBRARY = "libc++";
				CLANG_ENABLE_MODULES = YES;
				CLANG_ENABLE_OBJC_ARC = YES;
				CLANG_WARN_BOOL_CONVERSION = YES;
				CLANG_WARN_CONSTANT_CONVERSION = YES;
				CLANG_WARN_DIRECT_OBJC_ISA_USAGE = YES_ERROR;
				CLANG_WARN_EMPTY_BODY = YES;
				CLANG_WARN_ENUM_CONVERSION = YES;
				CLANG_WARN_INT_CONVERSION = YES;
				CLANG_WARN_OBJC_ROOT_CLASS = YES_ERROR;
				CLANG_WARN_UNREACHABLE_CODE = YES;
				CLANG_WARN__DUPLICATE_METHOD_MATCH = YES;
				COPY_PHASE_STRIP = NO;
				DEBUG_INFORMATION_FORMAT = "dwarf-with-dsym";
				ENABLE_STRICT_OBJC_MSGSEND = YES;
				GCC_C_LANGUAGE_STANDARD = gnu99;
				GCC_DYNAMIC_NO_PIC = NO;
				GCC_NO_COMMON_BLOCKS = YES;
				GCC_OPTIMIZATION_LEVEL = 0;
				GCC_PREPROCESSOR_DEFINITIONS = (
					"DEBUG=1",
					"$(inherited)",
				);
				GCC_SYMBOLS_PRIVATE_EXTERN = NO;
				GCC_WARN_64_TO_32_BIT_CONVERSION = YES;
				GCC_WARN_ABOUT_RETURN_TYPE = YES_ERROR;
				GCC_WARN_UNDECLARED_SELECTOR = YES;
				GCC_WARN_UNINITIALIZED_AUTOS = YES_AGGRESSIVE;
				GCC_WARN_UNUSED_FUNCTION = YES;
				GCC_WARN_UNUSED_VARIABLE = YES;
				IPHONEOS_DEPLOYMENT_TARGET = 8.3;
				MTL_ENABLE_DEBUG_INFO = YES;
				ONLY_ACTIVE_ARCH = YES;
				SDKROOT = iphoneos;
			};
			name = Debug;
		};
		48D1C68C1AF0476500CBAF8E /* Release */ = {
			isa = XCBuildConfiguration;
			buildSettings = {
				ALWAYS_SEARCH_USER_PATHS = NO;
				CLANG_CXX_LANGUAGE_STANDARD = "gnu++0x";
				CLANG_CXX_LIBRARY = "libc++";
				CLANG_ENABLE_MODULES = YES;
				CLANG_ENABLE_OBJC_ARC = YES;
				CLANG_WARN_BOOL_CONVERSION = YES;
				CLANG_WARN_CONSTANT_CONVERSION = YES;
				CLANG_WARN_DIRECT_OBJC_ISA_USAGE = YES_ERROR;
				CLANG_WARN_EMPTY_BODY = YES;
				CLANG_WARN_ENUM_CONVERSION = YES;
				CLANG_WARN_INT_CONVERSION = YES;
				CLANG_WARN_OBJC_ROOT_CLASS = YES_ERROR;
				CLANG_WARN_UNREACHABLE_CODE = YES;
				CLANG_WARN__DUPLICATE_METHOD_MATCH = YES;
				COPY_PHASE_STRIP = NO;
				DEBUG_INFORMATION_FORMAT = "dwarf-with-dsym";
				ENABLE_NS_ASSERTIONS = NO;
				ENABLE_STRICT_OBJC_MSGSEND = YES;
				GCC_C_LANGUAGE_STANDARD = gnu99;
				GCC_NO_COMMON_BLOCKS = YES;
				GCC_WARN_64_TO_32_BIT_CONVERSION = YES;
				GCC_WARN_ABOUT_RETURN_TYPE = YES_ERROR;
				GCC_WARN_UNDECLARED_SELECTOR = YES;
				GCC_WARN_UNINITIALIZED_AUTOS = YES_AGGRESSIVE;
				GCC_WARN_UNUSED_FUNCTION = YES;
				GCC_WARN_UNUSED_VARIABLE = YES;
				IPHONEOS_DEPLOYMENT_TARGET = 8.3;
				MTL_ENABLE_DEBUG_INFO = NO;
				SDKROOT = iphoneos;
				VALIDATE_PRODUCT = YES;
			};
			name = Release;
		};
		48D1C68E1AF0476500CBAF8E /* Debug */ = {
			isa = XCBuildConfiguration;
			buildSettings = {
				ARCHS = (
					"$(ARCHS_STANDARD)",
					armv7s,
				);
				ONLY_ACTIVE_ARCH = YES;
				OTHER_LDFLAGS = "-ObjC";
				PRODUCT_NAME = "$(TARGET_NAME)";
				SKIP_INSTALL = YES;
				VALID_ARCHS = "arm64 armv7 armv7s i386 x86_64";
			};
			name = Debug;
		};
		48D1C68F1AF0476500CBAF8E /* Release */ = {
			isa = XCBuildConfiguration;
			buildSettings = {
				ARCHS = (
					"$(ARCHS_STANDARD)",
					armv7s,
				);
				OTHER_LDFLAGS = "-ObjC";
				PRODUCT_NAME = "$(TARGET_NAME)";
				SKIP_INSTALL = YES;
				VALID_ARCHS = "arm64 armv7 armv7s i386 x86_64";
			};
			name = Release;
		};
		48D1C6911AF0476500CBAF8E /* Debug */ = {
			isa = XCBuildConfiguration;
			buildSettings = {
				"CODE_SIGN_IDENTITY[sdk=iphoneos*]" = "iPhone Developer";
				FRAMEWORK_SEARCH_PATHS = (
					"$(SDKROOT)/Developer/Library/Frameworks",
					"$(inherited)",
				);
				GCC_PREPROCESSOR_DEFINITIONS = (
					"DEBUG=1",
					"$(inherited)",
				);
				INFOPLIST_FILE = rssmanagerTests/Info.plist;
				LD_RUNPATH_SEARCH_PATHS = "$(inherited) @executable_path/Frameworks @loader_path/Frameworks";
				PRODUCT_NAME = "$(TARGET_NAME)";
			};
			name = Debug;
		};
		48D1C6921AF0476500CBAF8E /* Release */ = {
			isa = XCBuildConfiguration;
			buildSettings = {
				"CODE_SIGN_IDENTITY[sdk=iphoneos*]" = "iPhone Developer";
				FRAMEWORK_SEARCH_PATHS = (
					"$(SDKROOT)/Developer/Library/Frameworks",
					"$(inherited)",
				);
				INFOPLIST_FILE = rssmanagerTests/Info.plist;
				LD_RUNPATH_SEARCH_PATHS = "$(inherited) @executable_path/Frameworks @loader_path/Frameworks";
				PRODUCT_NAME = "$(TARGET_NAME)";
			};
			name = Release;
		};
/* End XCBuildConfiguration section */

/* Begin XCConfigurationList section */
		480890BE1AF769CC0058745C /* Build configuration list for PBXAggregateTarget "CreateAppleDoc" */ = {
			isa = XCConfigurationList;
			buildConfigurations = (
				480890BF1AF769CC0058745C /* Debug */,
				480890C01AF769CC0058745C /* Release */,
			);
			defaultConfigurationIsVisible = 0;
			defaultConfigurationName = Release;
		};
		480891201AF7AB140058745C /* Build configuration list for PBXNativeTarget "RssManagerSample" */ = {
			isa = XCConfigurationList;
			buildConfigurations = (
				4808911C1AF7AB140058745C /* Debug */,
				4808911D1AF7AB140058745C /* Release */,
			);
			defaultConfigurationIsVisible = 0;
		};
		480891211AF7AB140058745C /* Build configuration list for PBXNativeTarget "RssManagerSampleTests" */ = {
			isa = XCConfigurationList;
			buildConfigurations = (
				4808911E1AF7AB140058745C /* Debug */,
				4808911F1AF7AB140058745C /* Release */,
			);
			defaultConfigurationIsVisible = 0;
		};
		48D1C6741AF0476500CBAF8E /* Build configuration list for PBXProject "rssmanager" */ = {
			isa = XCConfigurationList;
			buildConfigurations = (
				48D1C68B1AF0476500CBAF8E /* Debug */,
				48D1C68C1AF0476500CBAF8E /* Release */,
			);
			defaultConfigurationIsVisible = 0;
			defaultConfigurationName = Release;
		};
		48D1C68D1AF0476500CBAF8E /* Build configuration list for PBXNativeTarget "rssmanager" */ = {
			isa = XCConfigurationList;
			buildConfigurations = (
				48D1C68E1AF0476500CBAF8E /* Debug */,
				48D1C68F1AF0476500CBAF8E /* Release */,
			);
			defaultConfigurationIsVisible = 0;
			defaultConfigurationName = Release;
		};
		48D1C6901AF0476500CBAF8E /* Build configuration list for PBXNativeTarget "rssmanagerTests" */ = {
			isa = XCConfigurationList;
			buildConfigurations = (
				48D1C6911AF0476500CBAF8E /* Debug */,
				48D1C6921AF0476500CBAF8E /* Release */,
			);
			defaultConfigurationIsVisible = 0;
			defaultConfigurationName = Release;
		};
/* End XCConfigurationList section */
	};
	rootObject = 48D1C6711AF0476500CBAF8E /* Project object */;
}
